// !$*UTF8*$!
{
	archiveVersion = 1;
	classes = {
	};
	objectVersion = 51;
	objects = {

/* Begin PBXBuildFile section */
		444EF2FC7FA5EBB33C93D349 /* Pods_Flix_Assignment_2019.framework in Frameworks */ = {isa = PBXBuildFile; fileRef = 3E1B932C3DB704135C9655AE /* Pods_Flix_Assignment_2019.framework */; };
		677008E1637872CC7F726565 /* Pods_Flix_Assignment_2019Tests.framework in Frameworks */ = {isa = PBXBuildFile; fileRef = 919527E7DBC8098C1592B950 /* Pods_Flix_Assignment_2019Tests.framework */; };
		CE105D212362BF2A00D822CA /* MovieDetailsViewController.swift in Sources */ = {isa = PBXBuildFile; fileRef = CE105D202362BF2A00D822CA /* MovieDetailsViewController.swift */; };
		CE9830AC23638A7E00C7509C /* MovieGridViewController.swift in Sources */ = {isa = PBXBuildFile; fileRef = CE9830AB23638A7E00C7509C /* MovieGridViewController.swift */; };
		CEF7B4AA2355840500FB12FB /* AppDelegate.swift in Sources */ = {isa = PBXBuildFile; fileRef = CEF7B4A92355840500FB12FB /* AppDelegate.swift */; };
		CEF7B4AC2355840500FB12FB /* SceneDelegate.swift in Sources */ = {isa = PBXBuildFile; fileRef = CEF7B4AB2355840500FB12FB /* SceneDelegate.swift */; };
		CEF7B4B12355840500FB12FB /* Main.storyboard in Resources */ = {isa = PBXBuildFile; fileRef = CEF7B4AF2355840500FB12FB /* Main.storyboard */; };
		CEF7B4B32355840600FB12FB /* Assets.xcassets in Resources */ = {isa = PBXBuildFile; fileRef = CEF7B4B22355840600FB12FB /* Assets.xcassets */; };
		CEF7B4B62355840600FB12FB /* LaunchScreen.storyboard in Resources */ = {isa = PBXBuildFile; fileRef = CEF7B4B42355840600FB12FB /* LaunchScreen.storyboard */; };
		CEF7B4C12355840700FB12FB /* Flix_Assignment_2019Tests.swift in Sources */ = {isa = PBXBuildFile; fileRef = CEF7B4C02355840700FB12FB /* Flix_Assignment_2019Tests.swift */; };
		CEF7B4CC2355840700FB12FB /* Flix_Assignment_2019UITests.swift in Sources */ = {isa = PBXBuildFile; fileRef = CEF7B4CB2355840700FB12FB /* Flix_Assignment_2019UITests.swift */; };
		CEF7B4DB235587F700FB12FB /* MoviesViewController.swift in Sources */ = {isa = PBXBuildFile; fileRef = CEF7B4DA235587F700FB12FB /* MoviesViewController.swift */; };
		CEF7B4DD2356C9F900FB12FB /* MovieCell.swift in Sources */ = {isa = PBXBuildFile; fileRef = CEF7B4DC2356C9F900FB12FB /* MovieCell.swift */; };
		F132FC5A665F27A9B25492D7 /* Pods_Flix_Assignment_2019_Flix_Assignment_2019UITests.framework in Frameworks */ = {isa = PBXBuildFile; fileRef = 41B30A35D7547EF95A8B9C3D /* Pods_Flix_Assignment_2019_Flix_Assignment_2019UITests.framework */; };
/* End PBXBuildFile section */

/* Begin PBXContainerItemProxy section */
		CEF7B4BD2355840700FB12FB /* PBXContainerItemProxy */ = {
			isa = PBXContainerItemProxy;
			containerPortal = CEF7B49E2355840500FB12FB /* Project object */;
			proxyType = 1;
			remoteGlobalIDString = CEF7B4A52355840500FB12FB;
			remoteInfo = Flix_Assignment_2019;
		};
		CEF7B4C82355840700FB12FB /* PBXContainerItemProxy */ = {
			isa = PBXContainerItemProxy;
			containerPortal = CEF7B49E2355840500FB12FB /* Project object */;
			proxyType = 1;
			remoteGlobalIDString = CEF7B4A52355840500FB12FB;
			remoteInfo = Flix_Assignment_2019;
		};
/* End PBXContainerItemProxy section */

/* Begin PBXFileReference section */
		0DA5B21D559CD2DEBA3E508B /* Pods-Flix_Assignment_2019.debug.xcconfig */ = {isa = PBXFileReference; includeInIndex = 1; lastKnownFileType = text.xcconfig; name = "Pods-Flix_Assignment_2019.debug.xcconfig"; path = "Target Support Files/Pods-Flix_Assignment_2019/Pods-Flix_Assignment_2019.debug.xcconfig"; sourceTree = "<group>"; };
		12752B09655040925B33CDE1 /* Pods-Flix_Assignment_2019-Flix_Assignment_2019UITests.debug.xcconfig */ = {isa = PBXFileReference; includeInIndex = 1; lastKnownFileType = text.xcconfig; name = "Pods-Flix_Assignment_2019-Flix_Assignment_2019UITests.debug.xcconfig"; path = "Target Support Files/Pods-Flix_Assignment_2019-Flix_Assignment_2019UITests/Pods-Flix_Assignment_2019-Flix_Assignment_2019UITests.debug.xcconfig"; sourceTree = "<group>"; };
		3E1B932C3DB704135C9655AE /* Pods_Flix_Assignment_2019.framework */ = {isa = PBXFileReference; explicitFileType = wrapper.framework; includeInIndex = 0; path = Pods_Flix_Assignment_2019.framework; sourceTree = BUILT_PRODUCTS_DIR; };
		41B30A35D7547EF95A8B9C3D /* Pods_Flix_Assignment_2019_Flix_Assignment_2019UITests.framework */ = {isa = PBXFileReference; explicitFileType = wrapper.framework; includeInIndex = 0; path = Pods_Flix_Assignment_2019_Flix_Assignment_2019UITests.framework; sourceTree = BUILT_PRODUCTS_DIR; };
		711BF0548747164B7F0D096A /* Pods-Flix_Assignment_2019-Flix_Assignment_2019UITests.release.xcconfig */ = {isa = PBXFileReference; includeInIndex = 1; lastKnownFileType = text.xcconfig; name = "Pods-Flix_Assignment_2019-Flix_Assignment_2019UITests.release.xcconfig"; path = "Target Support Files/Pods-Flix_Assignment_2019-Flix_Assignment_2019UITests/Pods-Flix_Assignment_2019-Flix_Assignment_2019UITests.release.xcconfig"; sourceTree = "<group>"; };
		919527E7DBC8098C1592B950 /* Pods_Flix_Assignment_2019Tests.framework */ = {isa = PBXFileReference; explicitFileType = wrapper.framework; includeInIndex = 0; path = Pods_Flix_Assignment_2019Tests.framework; sourceTree = BUILT_PRODUCTS_DIR; };
		A303EC864E239561BAFB2A84 /* Pods-Flix_Assignment_2019Tests.release.xcconfig */ = {isa = PBXFileReference; includeInIndex = 1; lastKnownFileType = text.xcconfig; name = "Pods-Flix_Assignment_2019Tests.release.xcconfig"; path = "Target Support Files/Pods-Flix_Assignment_2019Tests/Pods-Flix_Assignment_2019Tests.release.xcconfig"; sourceTree = "<group>"; };
		CE105D202362BF2A00D822CA /* MovieDetailsViewController.swift */ = {isa = PBXFileReference; lastKnownFileType = sourcecode.swift; path = MovieDetailsViewController.swift; sourceTree = "<group>"; };
		CE9830AB23638A7E00C7509C /* MovieGridViewController.swift */ = {isa = PBXFileReference; lastKnownFileType = sourcecode.swift; path = MovieGridViewController.swift; sourceTree = "<group>"; };
		CEF7B4A62355840500FB12FB /* Flix_Assignment_2019.app */ = {isa = PBXFileReference; explicitFileType = wrapper.application; includeInIndex = 0; path = Flix_Assignment_2019.app; sourceTree = BUILT_PRODUCTS_DIR; };
		CEF7B4A92355840500FB12FB /* AppDelegate.swift */ = {isa = PBXFileReference; lastKnownFileType = sourcecode.swift; path = AppDelegate.swift; sourceTree = "<group>"; };
		CEF7B4AB2355840500FB12FB /* SceneDelegate.swift */ = {isa = PBXFileReference; lastKnownFileType = sourcecode.swift; path = SceneDelegate.swift; sourceTree = "<group>"; };
		CEF7B4B02355840500FB12FB /* Base */ = {isa = PBXFileReference; lastKnownFileType = file.storyboard; name = Base; path = Base.lproj/Main.storyboard; sourceTree = "<group>"; };
		CEF7B4B22355840600FB12FB /* Assets.xcassets */ = {isa = PBXFileReference; lastKnownFileType = folder.assetcatalog; path = Assets.xcassets; sourceTree = "<group>"; };
		CEF7B4B52355840600FB12FB /* Base */ = {isa = PBXFileReference; lastKnownFileType = file.storyboard; name = Base; path = Base.lproj/LaunchScreen.storyboard; sourceTree = "<group>"; };
		CEF7B4B72355840600FB12FB /* Info.plist */ = {isa = PBXFileReference; lastKnownFileType = text.plist.xml; path = Info.plist; sourceTree = "<group>"; };
		CEF7B4BC2355840700FB12FB /* Flix_Assignment_2019Tests.xctest */ = {isa = PBXFileReference; explicitFileType = wrapper.cfbundle; includeInIndex = 0; path = Flix_Assignment_2019Tests.xctest; sourceTree = BUILT_PRODUCTS_DIR; };
		CEF7B4C02355840700FB12FB /* Flix_Assignment_2019Tests.swift */ = {isa = PBXFileReference; lastKnownFileType = sourcecode.swift; path = Flix_Assignment_2019Tests.swift; sourceTree = "<group>"; };
		CEF7B4C22355840700FB12FB /* Info.plist */ = {isa = PBXFileReference; lastKnownFileType = text.plist.xml; path = Info.plist; sourceTree = "<group>"; };
		CEF7B4C72355840700FB12FB /* Flix_Assignment_2019UITests.xctest */ = {isa = PBXFileReference; explicitFileType = wrapper.cfbundle; includeInIndex = 0; path = Flix_Assignment_2019UITests.xctest; sourceTree = BUILT_PRODUCTS_DIR; };
		CEF7B4CB2355840700FB12FB /* Flix_Assignment_2019UITests.swift */ = {isa = PBXFileReference; lastKnownFileType = sourcecode.swift; path = Flix_Assignment_2019UITests.swift; sourceTree = "<group>"; };
		CEF7B4CD2355840700FB12FB /* Info.plist */ = {isa = PBXFileReference; lastKnownFileType = text.plist.xml; path = Info.plist; sourceTree = "<group>"; };
		CEF7B4DA235587F700FB12FB /* MoviesViewController.swift */ = {isa = PBXFileReference; lastKnownFileType = sourcecode.swift; path = MoviesViewController.swift; sourceTree = "<group>"; };
		CEF7B4DC2356C9F900FB12FB /* MovieCell.swift */ = {isa = PBXFileReference; lastKnownFileType = sourcecode.swift; path = MovieCell.swift; sourceTree = "<group>"; };
		E3AC3BA341DF062F7F2E8768 /* Pods-Flix_Assignment_2019Tests.debug.xcconfig */ = {isa = PBXFileReference; includeInIndex = 1; lastKnownFileType = text.xcconfig; name = "Pods-Flix_Assignment_2019Tests.debug.xcconfig"; path = "Target Support Files/Pods-Flix_Assignment_2019Tests/Pods-Flix_Assignment_2019Tests.debug.xcconfig"; sourceTree = "<group>"; };
		F08547702B97F4CB8543D0B7 /* Pods-Flix_Assignment_2019.release.xcconfig */ = {isa = PBXFileReference; includeInIndex = 1; lastKnownFileType = text.xcconfig; name = "Pods-Flix_Assignment_2019.release.xcconfig"; path = "Target Support Files/Pods-Flix_Assignment_2019/Pods-Flix_Assignment_2019.release.xcconfig"; sourceTree = "<group>"; };
/* End PBXFileReference section */

/* Begin PBXFrameworksBuildPhase section */
		CEF7B4A32355840500FB12FB /* Frameworks */ = {
			isa = PBXFrameworksBuildPhase;
			buildActionMask = 2147483647;
			files = (
				444EF2FC7FA5EBB33C93D349 /* Pods_Flix_Assignment_2019.framework in Frameworks */,
			);
			runOnlyForDeploymentPostprocessing = 0;
		};
		CEF7B4B92355840700FB12FB /* Frameworks */ = {
			isa = PBXFrameworksBuildPhase;
			buildActionMask = 2147483647;
			files = (
				677008E1637872CC7F726565 /* Pods_Flix_Assignment_2019Tests.framework in Frameworks */,
			);
			runOnlyForDeploymentPostprocessing = 0;
		};
		CEF7B4C42355840700FB12FB /* Frameworks */ = {
			isa = PBXFrameworksBuildPhase;
			buildActionMask = 2147483647;
			files = (
				F132FC5A665F27A9B25492D7 /* Pods_Flix_Assignment_2019_Flix_Assignment_2019UITests.framework in Frameworks */,
			);
			runOnlyForDeploymentPostprocessing = 0;
		};
/* End PBXFrameworksBuildPhase section */

/* Begin PBXGroup section */
		3F1DE3C70A2111874F069940 /* Pods */ = {
			isa = PBXGroup;
			children = (
				0DA5B21D559CD2DEBA3E508B /* Pods-Flix_Assignment_2019.debug.xcconfig */,
				F08547702B97F4CB8543D0B7 /* Pods-Flix_Assignment_2019.release.xcconfig */,
				12752B09655040925B33CDE1 /* Pods-Flix_Assignment_2019-Flix_Assignment_2019UITests.debug.xcconfig */,
				711BF0548747164B7F0D096A /* Pods-Flix_Assignment_2019-Flix_Assignment_2019UITests.release.xcconfig */,
				E3AC3BA341DF062F7F2E8768 /* Pods-Flix_Assignment_2019Tests.debug.xcconfig */,
				A303EC864E239561BAFB2A84 /* Pods-Flix_Assignment_2019Tests.release.xcconfig */,
			);
			path = Pods;
			sourceTree = "<group>";
		};
		B65A3B47B5C1896055696393 /* Frameworks */ = {
			isa = PBXGroup;
			children = (
				3E1B932C3DB704135C9655AE /* Pods_Flix_Assignment_2019.framework */,
				41B30A35D7547EF95A8B9C3D /* Pods_Flix_Assignment_2019_Flix_Assignment_2019UITests.framework */,
				919527E7DBC8098C1592B950 /* Pods_Flix_Assignment_2019Tests.framework */,
			);
			name = Frameworks;
			sourceTree = "<group>";
		};
		CE105D222362BF3800D822CA /* Controllers */ = {
			isa = PBXGroup;
			children = (
				CEF7B4DA235587F700FB12FB /* MoviesViewController.swift */,
				CE105D202362BF2A00D822CA /* MovieDetailsViewController.swift */,
				CE9830AB23638A7E00C7509C /* MovieGridViewController.swift */,
			);
			path = Controllers;
			sourceTree = "<group>";
		};
		CEF7B49D2355840500FB12FB = {
			isa = PBXGroup;
			children = (
				CEF7B4A82355840500FB12FB /* Flix_Assignment_2019 */,
				CEF7B4BF2355840700FB12FB /* Flix_Assignment_2019Tests */,
				CEF7B4CA2355840700FB12FB /* Flix_Assignment_2019UITests */,
				CEF7B4A72355840500FB12FB /* Products */,
				3F1DE3C70A2111874F069940 /* Pods */,
				B65A3B47B5C1896055696393 /* Frameworks */,
			);
			sourceTree = "<group>";
		};
		CEF7B4A72355840500FB12FB /* Products */ = {
			isa = PBXGroup;
			children = (
				CEF7B4A62355840500FB12FB /* Flix_Assignment_2019.app */,
				CEF7B4BC2355840700FB12FB /* Flix_Assignment_2019Tests.xctest */,
				CEF7B4C72355840700FB12FB /* Flix_Assignment_2019UITests.xctest */,
			);
			name = Products;
			sourceTree = "<group>";
		};
		CEF7B4A82355840500FB12FB /* Flix_Assignment_2019 */ = {
			isa = PBXGroup;
			children = (
				CEF7B4AF2355840500FB12FB /* Main.storyboard */,
				CEF7B4DC2356C9F900FB12FB /* MovieCell.swift */,
				CE105D222362BF3800D822CA /* Controllers */,
				CEF7B4D92355843B00FB12FB /* Supporting Files */,
				CEF7B4B72355840600FB12FB /* Info.plist */,
			);
			path = Flix_Assignment_2019;
			sourceTree = "<group>";
		};
		CEF7B4BF2355840700FB12FB /* Flix_Assignment_2019Tests */ = {
			isa = PBXGroup;
			children = (
				CEF7B4C02355840700FB12FB /* Flix_Assignment_2019Tests.swift */,
				CEF7B4C22355840700FB12FB /* Info.plist */,
			);
			path = Flix_Assignment_2019Tests;
			sourceTree = "<group>";
		};
		CEF7B4CA2355840700FB12FB /* Flix_Assignment_2019UITests */ = {
			isa = PBXGroup;
			children = (
				CEF7B4CB2355840700FB12FB /* Flix_Assignment_2019UITests.swift */,
				CEF7B4CD2355840700FB12FB /* Info.plist */,
			);
			path = Flix_Assignment_2019UITests;
			sourceTree = "<group>";
		};
		CEF7B4D92355843B00FB12FB /* Supporting Files */ = {
			isa = PBXGroup;
			children = (
				CEF7B4AB2355840500FB12FB /* SceneDelegate.swift */,
				CEF7B4A92355840500FB12FB /* AppDelegate.swift */,
				CEF7B4B22355840600FB12FB /* Assets.xcassets */,
				CEF7B4B42355840600FB12FB /* LaunchScreen.storyboard */,
			);
			path = "Supporting Files";
			sourceTree = "<group>";
		};
/* End PBXGroup section */

/* Begin PBXNativeTarget section */
		CEF7B4A52355840500FB12FB /* Flix_Assignment_2019 */ = {
			isa = PBXNativeTarget;
			buildConfigurationList = CEF7B4D02355840700FB12FB /* Build configuration list for PBXNativeTarget "Flix_Assignment_2019" */;
			buildPhases = (
				69649067A3EB0EA07C712E50 /* [CP] Check Pods Manifest.lock */,
				CEF7B4A22355840500FB12FB /* Sources */,
				CEF7B4A32355840500FB12FB /* Frameworks */,
				CEF7B4A42355840500FB12FB /* Resources */,
				4F1B53CBA57E03D79D01D12C /* [CP] Embed Pods Frameworks */,
			);
			buildRules = (
			);
			dependencies = (
			);
			name = Flix_Assignment_2019;
			productName = Flix_Assignment_2019;
			productReference = CEF7B4A62355840500FB12FB /* Flix_Assignment_2019.app */;
			productType = "com.apple.product-type.application";
		};
		CEF7B4BB2355840700FB12FB /* Flix_Assignment_2019Tests */ = {
			isa = PBXNativeTarget;
			buildConfigurationList = CEF7B4D32355840700FB12FB /* Build configuration list for PBXNativeTarget "Flix_Assignment_2019Tests" */;
			buildPhases = (
				4F59E7C3EA129CF898466829 /* [CP] Check Pods Manifest.lock */,
				CEF7B4B82355840700FB12FB /* Sources */,
				CEF7B4B92355840700FB12FB /* Frameworks */,
				CEF7B4BA2355840700FB12FB /* Resources */,
			);
			buildRules = (
			);
			dependencies = (
				CEF7B4BE2355840700FB12FB /* PBXTargetDependency */,
			);
			name = Flix_Assignment_2019Tests;
			productName = Flix_Assignment_2019Tests;
			productReference = CEF7B4BC2355840700FB12FB /* Flix_Assignment_2019Tests.xctest */;
			productType = "com.apple.product-type.bundle.unit-test";
		};
		CEF7B4C62355840700FB12FB /* Flix_Assignment_2019UITests */ = {
			isa = PBXNativeTarget;
			buildConfigurationList = CEF7B4D62355840700FB12FB /* Build configuration list for PBXNativeTarget "Flix_Assignment_2019UITests" */;
			buildPhases = (
				934B485F665C5287C8B909FE /* [CP] Check Pods Manifest.lock */,
				CEF7B4C32355840700FB12FB /* Sources */,
				CEF7B4C42355840700FB12FB /* Frameworks */,
				CEF7B4C52355840700FB12FB /* Resources */,
				CA528D156EFEA43D640BDB0B /* [CP] Embed Pods Frameworks */,
			);
			buildRules = (
			);
			dependencies = (
				CEF7B4C92355840700FB12FB /* PBXTargetDependency */,
			);
			name = Flix_Assignment_2019UITests;
			productName = Flix_Assignment_2019UITests;
			productReference = CEF7B4C72355840700FB12FB /* Flix_Assignment_2019UITests.xctest */;
			productType = "com.apple.product-type.bundle.ui-testing";
		};
/* End PBXNativeTarget section */

/* Begin PBXProject section */
		CEF7B49E2355840500FB12FB /* Project object */ = {
			isa = PBXProject;
			attributes = {
				LastSwiftUpdateCheck = 1110;
				LastUpgradeCheck = 1110;
				ORGANIZATIONNAME = "Daniella Montinola";
				TargetAttributes = {
					CEF7B4A52355840500FB12FB = {
						CreatedOnToolsVersion = 11.1;
					};
					CEF7B4BB2355840700FB12FB = {
						CreatedOnToolsVersion = 11.1;
						TestTargetID = CEF7B4A52355840500FB12FB;
					};
					CEF7B4C62355840700FB12FB = {
						CreatedOnToolsVersion = 11.1;
						TestTargetID = CEF7B4A52355840500FB12FB;
					};
				};
			};
			buildConfigurationList = CEF7B4A12355840500FB12FB /* Build configuration list for PBXProject "Flix_Assignment_2019" */;
			compatibilityVersion = "Xcode 9.3";
			developmentRegion = en;
			hasScannedForEncodings = 0;
			knownRegions = (
				en,
				Base,
			);
			mainGroup = CEF7B49D2355840500FB12FB;
			productRefGroup = CEF7B4A72355840500FB12FB /* Products */;
			projectDirPath = "";
			projectRoot = "";
			targets = (
				CEF7B4A52355840500FB12FB /* Flix_Assignment_2019 */,
				CEF7B4BB2355840700FB12FB /* Flix_Assignment_2019Tests */,
				CEF7B4C62355840700FB12FB /* Flix_Assignment_2019UITests */,
			);
		};
/* End PBXProject section */

/* Begin PBXResourcesBuildPhase section */
		CEF7B4A42355840500FB12FB /* Resources */ = {
			isa = PBXResourcesBuildPhase;
			buildActionMask = 2147483647;
			files = (
				CEF7B4B62355840600FB12FB /* LaunchScreen.storyboard in Resources */,
				CEF7B4B32355840600FB12FB /* Assets.xcassets in Resources */,
				CEF7B4B12355840500FB12FB /* Main.storyboard in Resources */,
			);
			runOnlyForDeploymentPostprocessing = 0;
		};
		CEF7B4BA2355840700FB12FB /* Resources */ = {
			isa = PBXResourcesBuildPhase;
			buildActionMask = 2147483647;
			files = (
			);
			runOnlyForDeploymentPostprocessing = 0;
		};
		CEF7B4C52355840700FB12FB /* Resources */ = {
			isa = PBXResourcesBuildPhase;
			buildActionMask = 2147483647;
			files = (
			);
			runOnlyForDeploymentPostprocessing = 0;
		};
/* End PBXResourcesBuildPhase section */

/* Begin PBXShellScriptBuildPhase section */
		4F1B53CBA57E03D79D01D12C /* [CP] Embed Pods Frameworks */ = {
			isa = PBXShellScriptBuildPhase;
			buildActionMask = 2147483647;
			files = (
			);
			inputFileListPaths = (
				"${PODS_ROOT}/Target Support Files/Pods-Flix_Assignment_2019/Pods-Flix_Assignment_2019-frameworks-${CONFIGURATION}-input-files.xcfilelist",
			);
			name = "[CP] Embed Pods Frameworks";
			outputFileListPaths = (
				"${PODS_ROOT}/Target Support Files/Pods-Flix_Assignment_2019/Pods-Flix_Assignment_2019-frameworks-${CONFIGURATION}-output-files.xcfilelist",
			);
			runOnlyForDeploymentPostprocessing = 0;
			shellPath = /bin/sh;
			shellScript = "\"${PODS_ROOT}/Target Support Files/Pods-Flix_Assignment_2019/Pods-Flix_Assignment_2019-frameworks.sh\"\n";
			showEnvVarsInLog = 0;
		};
		4F59E7C3EA129CF898466829 /* [CP] Check Pods Manifest.lock */ = {
			isa = PBXShellScriptBuildPhase;
			buildActionMask = 2147483647;
			files = (
			);
			inputFileListPaths = (
			);
			inputPaths = (
				"${PODS_PODFILE_DIR_PATH}/Podfile.lock",
				"${PODS_ROOT}/Manifest.lock",
			);
			name = "[CP] Check Pods Manifest.lock";
			outputFileListPaths = (
			);
			outputPaths = (
				"$(DERIVED_FILE_DIR)/Pods-Flix_Assignment_2019Tests-checkManifestLockResult.txt",
			);
			runOnlyForDeploymentPostprocessing = 0;
			shellPath = /bin/sh;
			shellScript = "diff \"${PODS_PODFILE_DIR_PATH}/Podfile.lock\" \"${PODS_ROOT}/Manifest.lock\" > /dev/null\nif [ $? != 0 ] ; then\n    # print error to STDERR\n    echo \"error: The sandbox is not in sync with the Podfile.lock. Run 'pod install' or update your CocoaPods installation.\" >&2\n    exit 1\nfi\n# This output is used by Xcode 'outputs' to avoid re-running this script phase.\necho \"SUCCESS\" > \"${SCRIPT_OUTPUT_FILE_0}\"\n";
			showEnvVarsInLog = 0;
		};
		69649067A3EB0EA07C712E50 /* [CP] Check Pods Manifest.lock */ = {
			isa = PBXShellScriptBuildPhase;
			buildActionMask = 2147483647;
			files = (
			);
			inputFileListPaths = (
			);
			inputPaths = (
				"${PODS_PODFILE_DIR_PATH}/Podfile.lock",
				"${PODS_ROOT}/Manifest.lock",
			);
			name = "[CP] Check Pods Manifest.lock";
			outputFileListPaths = (
			);
			outputPaths = (
				"$(DERIVED_FILE_DIR)/Pods-Flix_Assignment_2019-checkManifestLockResult.txt",
			);
			runOnlyForDeploymentPostprocessing = 0;
			shellPath = /bin/sh;
			shellScript = "diff \"${PODS_PODFILE_DIR_PATH}/Podfile.lock\" \"${PODS_ROOT}/Manifest.lock\" > /dev/null\nif [ $? != 0 ] ; then\n    # print error to STDERR\n    echo \"error: The sandbox is not in sync with the Podfile.lock. Run 'pod install' or update your CocoaPods installation.\" >&2\n    exit 1\nfi\n# This output is used by Xcode 'outputs' to avoid re-running this script phase.\necho \"SUCCESS\" > \"${SCRIPT_OUTPUT_FILE_0}\"\n";
			showEnvVarsInLog = 0;
		};
		934B485F665C5287C8B909FE /* [CP] Check Pods Manifest.lock */ = {
			isa = PBXShellScriptBuildPhase;
			buildActionMask = 2147483647;
			files = (
			);
			inputFileListPaths = (
			);
			inputPaths = (
				"${PODS_PODFILE_DIR_PATH}/Podfile.lock",
				"${PODS_ROOT}/Manifest.lock",
			);
			name = "[CP] Check Pods Manifest.lock";
			outputFileListPaths = (
			);
			outputPaths = (
				"$(DERIVED_FILE_DIR)/Pods-Flix_Assignment_2019-Flix_Assignment_2019UITests-checkManifestLockResult.txt",
			);
			runOnlyForDeploymentPostprocessing = 0;
			shellPath = /bin/sh;
			shellScript = "diff \"${PODS_PODFILE_DIR_PATH}/Podfile.lock\" \"${PODS_ROOT}/Manifest.lock\" > /dev/null\nif [ $? != 0 ] ; then\n    # print error to STDERR\n    echo \"error: The sandbox is not in sync with the Podfile.lock. Run 'pod install' or update your CocoaPods installation.\" >&2\n    exit 1\nfi\n# This output is used by Xcode 'outputs' to avoid re-running this script phase.\necho \"SUCCESS\" > \"${SCRIPT_OUTPUT_FILE_0}\"\n";
			showEnvVarsInLog = 0;
		};
		CA528D156EFEA43D640BDB0B /* [CP] Embed Pods Frameworks */ = {
			isa = PBXShellScriptBuildPhase;
			buildActionMask = 2147483647;
			files = (
			);
			inputFileListPaths = (
				"${PODS_ROOT}/Target Support Files/Pods-Flix_Assignment_2019-Flix_Assignment_2019UITests/Pods-Flix_Assignment_2019-Flix_Assignment_2019UITests-frameworks-${CONFIGURATION}-input-files.xcfilelist",
			);
			name = "[CP] Embed Pods Frameworks";
			outputFileListPaths = (
				"${PODS_ROOT}/Target Support Files/Pods-Flix_Assignment_2019-Flix_Assignment_2019UITests/Pods-Flix_Assignment_2019-Flix_Assignment_2019UITests-frameworks-${CONFIGURATION}-output-files.xcfilelist",
			);
			runOnlyForDeploymentPostprocessing = 0;
			shellPath = /bin/sh;
			shellScript = "\"${PODS_ROOT}/Target Support Files/Pods-Flix_Assignment_2019-Flix_Assignment_2019UITests/Pods-Flix_Assignment_2019-Flix_Assignment_2019UITests-frameworks.sh\"\n";
			showEnvVarsInLog = 0;
		};
/* End PBXShellScriptBuildPhase section */

/* Begin PBXSourcesBuildPhase section */
		CEF7B4A22355840500FB12FB /* Sources */ = {
			isa = PBXSourcesBuildPhase;
			buildActionMask = 2147483647;
			files = (
				CE105D212362BF2A00D822CA /* MovieDetailsViewController.swift in Sources */,
				CEF7B4AA2355840500FB12FB /* AppDelegate.swift in Sources */,
				CEF7B4AC2355840500FB12FB /* SceneDelegate.swift in Sources */,
				CEF7B4DD2356C9F900FB12FB /* MovieCell.swift in Sources */,
				CEF7B4DB235587F700FB12FB /* MoviesViewController.swift in Sources */,
				CE9830AC23638A7E00C7509C /* MovieGridViewController.swift in Sources */,
			);
			runOnlyForDeploymentPostprocessing = 0;
		};
		CEF7B4B82355840700FB12FB /* Sources */ = {
			isa = PBXSourcesBuildPhase;
			buildActionMask = 2147483647;
			files = (
				CEF7B4C12355840700FB12FB /* Flix_Assignment_2019Tests.swift in Sources */,
			);
			runOnlyForDeploymentPostprocessing = 0;
		};
		CEF7B4C32355840700FB12FB /* Sources */ = {
			isa = PBXSourcesBuildPhase;
			buildActionMask = 2147483647;
			files = (
				CEF7B4CC2355840700FB12FB /* Flix_Assignment_2019UITests.swift in Sources */,
			);
			runOnlyForDeploymentPostprocessing = 0;
		};
/* End PBXSourcesBuildPhase section */

/* Begin PBXTargetDependency section */
		CEF7B4BE2355840700FB12FB /* PBXTargetDependency */ = {
			isa = PBXTargetDependency;
			target = CEF7B4A52355840500FB12FB /* Flix_Assignment_2019 */;
			targetProxy = CEF7B4BD2355840700FB12FB /* PBXContainerItemProxy */;
		};
		CEF7B4C92355840700FB12FB /* PBXTargetDependency */ = {
			isa = PBXTargetDependency;
			target = CEF7B4A52355840500FB12FB /* Flix_Assignment_2019 */;
			targetProxy = CEF7B4C82355840700FB12FB /* PBXContainerItemProxy */;
		};
/* End PBXTargetDependency section */

/* Begin PBXVariantGroup section */
		CEF7B4AF2355840500FB12FB /* Main.storyboard */ = {
			isa = PBXVariantGroup;
			children = (
				CEF7B4B02355840500FB12FB /* Base */,
			);
			name = Main.storyboard;
			sourceTree = "<group>";
		};
		CEF7B4B42355840600FB12FB /* LaunchScreen.storyboard */ = {
			isa = PBXVariantGroup;
			children = (
				CEF7B4B52355840600FB12FB /* Base */,
			);
			name = LaunchScreen.storyboard;
			sourceTree = "<group>";
		};
/* End PBXVariantGroup section */

/* Begin XCBuildConfiguration section */
		CEF7B4CE2355840700FB12FB /* Debug */ = {
			isa = XCBuildConfiguration;
			buildSettings = {
				ALWAYS_SEARCH_USER_PATHS = NO;
				CLANG_ANALYZER_NONNULL = YES;
				CLANG_ANALYZER_NUMBER_OBJECT_CONVERSION = YES_AGGRESSIVE;
				CLANG_CXX_LANGUAGE_STANDARD = "gnu++14";
				CLANG_CXX_LIBRARY = "libc++";
				CLANG_ENABLE_MODULES = YES;
				CLANG_ENABLE_OBJC_ARC = YES;
				CLANG_ENABLE_OBJC_WEAK = YES;
				CLANG_WARN_BLOCK_CAPTURE_AUTORELEASING = YES;
				CLANG_WARN_BOOL_CONVERSION = YES;
				CLANG_WARN_COMMA = YES;
				CLANG_WARN_CONSTANT_CONVERSION = YES;
				CLANG_WARN_DEPRECATED_OBJC_IMPLEMENTATIONS = YES;
				CLANG_WARN_DIRECT_OBJC_ISA_USAGE = YES_ERROR;
				CLANG_WARN_DOCUMENTATION_COMMENTS = YES;
				CLANG_WARN_EMPTY_BODY = YES;
				CLANG_WARN_ENUM_CONVERSION = YES;
				CLANG_WARN_INFINITE_RECURSION = YES;
				CLANG_WARN_INT_CONVERSION = YES;
				CLANG_WARN_NON_LITERAL_NULL_CONVERSION = YES;
				CLANG_WARN_OBJC_IMPLICIT_RETAIN_SELF = YES;
				CLANG_WARN_OBJC_LITERAL_CONVERSION = YES;
				CLANG_WARN_OBJC_ROOT_CLASS = YES_ERROR;
				CLANG_WARN_RANGE_LOOP_ANALYSIS = YES;
				CLANG_WARN_STRICT_PROTOTYPES = YES;
				CLANG_WARN_SUSPICIOUS_MOVE = YES;
				CLANG_WARN_UNGUARDED_AVAILABILITY = YES_AGGRESSIVE;
				CLANG_WARN_UNREACHABLE_CODE = YES;
				CLANG_WARN__DUPLICATE_METHOD_MATCH = YES;
				COPY_PHASE_STRIP = NO;
				DEBUG_INFORMATION_FORMAT = dwarf;
				ENABLE_STRICT_OBJC_MSGSEND = YES;
				ENABLE_TESTABILITY = YES;
				GCC_C_LANGUAGE_STANDARD = gnu11;
				GCC_DYNAMIC_NO_PIC = NO;
				GCC_NO_COMMON_BLOCKS = YES;
				GCC_OPTIMIZATION_LEVEL = 0;
				GCC_PREPROCESSOR_DEFINITIONS = (
					"DEBUG=1",
					"$(inherited)",
				);
				GCC_WARN_64_TO_32_BIT_CONVERSION = YES;
				GCC_WARN_ABOUT_RETURN_TYPE = YES_ERROR;
				GCC_WARN_UNDECLARED_SELECTOR = YES;
				GCC_WARN_UNINITIALIZED_AUTOS = YES_AGGRESSIVE;
				GCC_WARN_UNUSED_FUNCTION = YES;
				GCC_WARN_UNUSED_VARIABLE = YES;
				IPHONEOS_DEPLOYMENT_TARGET = 13.1;
				MTL_ENABLE_DEBUG_INFO = INCLUDE_SOURCE;
				MTL_FAST_MATH = YES;
				ONLY_ACTIVE_ARCH = YES;
				SDKROOT = iphoneos;
				SWIFT_ACTIVE_COMPILATION_CONDITIONS = DEBUG;
				SWIFT_OPTIMIZATION_LEVEL = "-Onone";
			};
			name = Debug;
		};
		CEF7B4CF2355840700FB12FB /* Release */ = {
			isa = XCBuildConfiguration;
			buildSettings = {
				ALWAYS_SEARCH_USER_PATHS = NO;
				CLANG_ANALYZER_NONNULL = YES;
				CLANG_ANALYZER_NUMBER_OBJECT_CONVERSION = YES_AGGRESSIVE;
				CLANG_CXX_LANGUAGE_STANDARD = "gnu++14";
				CLANG_CXX_LIBRARY = "libc++";
				CLANG_ENABLE_MODULES = YES;
				CLANG_ENABLE_OBJC_ARC = YES;
				CLANG_ENABLE_OBJC_WEAK = YES;
				CLANG_WARN_BLOCK_CAPTURE_AUTORELEASING = YES;
				CLANG_WARN_BOOL_CONVERSION = YES;
				CLANG_WARN_COMMA = YES;
				CLANG_WARN_CONSTANT_CONVERSION = YES;
				CLANG_WARN_DEPRECATED_OBJC_IMPLEMENTATIONS = YES;
				CLANG_WARN_DIRECT_OBJC_ISA_USAGE = YES_ERROR;
				CLANG_WARN_DOCUMENTATION_COMMENTS = YES;
				CLANG_WARN_EMPTY_BODY = YES;
				CLANG_WARN_ENUM_CONVERSION = YES;
				CLANG_WARN_INFINITE_RECURSION = YES;
				CLANG_WARN_INT_CONVERSION = YES;
				CLANG_WARN_NON_LITERAL_NULL_CONVERSION = YES;
				CLANG_WARN_OBJC_IMPLICIT_RETAIN_SELF = YES;
				CLANG_WARN_OBJC_LITERAL_CONVERSION = YES;
				CLANG_WARN_OBJC_ROOT_CLASS = YES_ERROR;
				CLANG_WARN_RANGE_LOOP_ANALYSIS = YES;
				CLANG_WARN_STRICT_PROTOTYPES = YES;
				CLANG_WARN_SUSPICIOUS_MOVE = YES;
				CLANG_WARN_UNGUARDED_AVAILABILITY = YES_AGGRESSIVE;
				CLANG_WARN_UNREACHABLE_CODE = YES;
				CLANG_WARN__DUPLICATE_METHOD_MATCH = YES;
				COPY_PHASE_STRIP = NO;
				DEBUG_INFORMATION_FORMAT = "dwarf-with-dsym";
				ENABLE_NS_ASSERTIONS = NO;
				ENABLE_STRICT_OBJC_MSGSEND = YES;
				GCC_C_LANGUAGE_STANDARD = gnu11;
				GCC_NO_COMMON_BLOCKS = YES;
				GCC_WARN_64_TO_32_BIT_CONVERSION = YES;
				GCC_WARN_ABOUT_RETURN_TYPE = YES_ERROR;
				GCC_WARN_UNDECLARED_SELECTOR = YES;
				GCC_WARN_UNINITIALIZED_AUTOS = YES_AGGRESSIVE;
				GCC_WARN_UNUSED_FUNCTION = YES;
				GCC_WARN_UNUSED_VARIABLE = YES;
				IPHONEOS_DEPLOYMENT_TARGET = 13.1;
				MTL_ENABLE_DEBUG_INFO = NO;
				MTL_FAST_MATH = YES;
				SDKROOT = iphoneos;
				SWIFT_COMPILATION_MODE = wholemodule;
				SWIFT_OPTIMIZATION_LEVEL = "-O";
				VALIDATE_PRODUCT = YES;
			};
			name = Release;
		};
		CEF7B4D12355840700FB12FB /* Debug */ = {
			isa = XCBuildConfiguration;
			baseConfigurationReference = 0DA5B21D559CD2DEBA3E508B /* Pods-Flix_Assignment_2019.debug.xcconfig */;
			buildSettings = {
				ASSETCATALOG_COMPILER_APPICON_NAME = AppIcon;
				CODE_SIGN_STYLE = Automatic;
				DEVELOPMENT_TEAM = KB49WVMKXZ;
				INFOPLIST_FILE = Flix_Assignment_2019/Info.plist;
				LD_RUNPATH_SEARCH_PATHS = (
					"$(inherited)",
					"@executable_path/Frameworks",
				);
				PRODUCT_BUNDLE_IDENTIFIER = "com.team.losergirl.Flix-Assignment-2019";
				PRODUCT_NAME = "$(TARGET_NAME)";
				SWIFT_VERSION = 5.0;
				TARGETED_DEVICE_FAMILY = "1,2";
			};
			name = Debug;
		};
		CEF7B4D22355840700FB12FB /* Release */ = {
			isa = XCBuildConfiguration;
			baseConfigurationReference = F08547702B97F4CB8543D0B7 /* Pods-Flix_Assignment_2019.release.xcconfig */;
			buildSettings = {
				ASSETCATALOG_COMPILER_APPICON_NAME = AppIcon;
				CODE_SIGN_STYLE = Automatic;
				DEVELOPMENT_TEAM = KB49WVMKXZ;
				INFOPLIST_FILE = Flix_Assignment_2019/Info.plist;
				LD_RUNPATH_SEARCH_PATHS = (
					"$(inherited)",
					"@executable_path/Frameworks",
				);
				PRODUCT_BUNDLE_IDENTIFIER = "com.team.losergirl.Flix-Assignment-2019";
				PRODUCT_NAME = "$(TARGET_NAME)";
				SWIFT_VERSION = 5.0;
				TARGETED_DEVICE_FAMILY = "1,2";
			};
			name = Release;
		};
		CEF7B4D42355840700FB12FB /* Debug */ = {
			isa = XCBuildConfiguration;
			baseConfigurationReference = E3AC3BA341DF062F7F2E8768 /* Pods-Flix_Assignment_2019Tests.debug.xcconfig */;
			buildSettings = {
				ALWAYS_EMBED_SWIFT_STANDARD_LIBRARIES = YES;
				BUNDLE_LOADER = "$(TEST_HOST)";
				CODE_SIGN_STYLE = Automatic;
				DEVELOPMENT_TEAM = KB49WVMKXZ;
				INFOPLIST_FILE = Flix_Assignment_2019Tests/Info.plist;
				IPHONEOS_DEPLOYMENT_TARGET = 13.1;
				LD_RUNPATH_SEARCH_PATHS = (
					"$(inherited)",
					"@executable_path/Frameworks",
					"@loader_path/Frameworks",
				);
				PRODUCT_BUNDLE_IDENTIFIER = "com.team.losergirl.Flix-Assignment-2019Tests";
				PRODUCT_NAME = "$(TARGET_NAME)";
				SWIFT_VERSION = 5.0;
				TARGETED_DEVICE_FAMILY = "1,2";
				TEST_HOST = "$(BUILT_PRODUCTS_DIR)/Flix_Assignment_2019.app/Flix_Assignment_2019";
			};
			name = Debug;
		};
		CEF7B4D52355840700FB12FB /* Release */ = {
			isa = XCBuildConfiguration;
			baseConfigurationReference = A303EC864E239561BAFB2A84 /* Pods-Flix_Assignment_2019Tests.release.xcconfig */;
			buildSettings = {
				ALWAYS_EMBED_SWIFT_STANDARD_LIBRARIES = YES;
				BUNDLE_LOADER = "$(TEST_HOST)";
				CODE_SIGN_STYLE = Automatic;
				DEVELOPMENT_TEAM = KB49WVMKXZ;
				INFOPLIST_FILE = Flix_Assignment_2019Tests/Info.plist;
				IPHONEOS_DEPLOYMENT_TARGET = 13.1;
				LD_RUNPATH_SEARCH_PATHS = (
					"$(inherited)",
					"@executable_path/Frameworks",
					"@loader_path/Frameworks",
				);
				PRODUCT_BUNDLE_IDENTIFIER = "com.team.losergirl.Flix-Assignment-2019Tests";
				PRODUCT_NAME = "$(TARGET_NAME)";
				SWIFT_VERSION = 5.0;
				TARGETED_DEVICE_FAMILY = "1,2";
				TEST_HOST = "$(BUILT_PRODUCTS_DIR)/Flix_Assignment_2019.app/Flix_Assignment_2019";
			};
			name = Release;
		};
		CEF7B4D72355840700FB12FB /* Debug */ = {
			isa = XCBuildConfiguration;
			baseConfigurationReference = 12752B09655040925B33CDE1 /* Pods-Flix_Assignment_2019-Flix_Assignment_2019UITests.debug.xcconfig */;
			buildSettings = {
				ALWAYS_EMBED_SWIFT_STANDARD_LIBRARIES = YES;
				CODE_SIGN_STYLE = Automatic;
				DEVELOPMENT_TEAM = KB49WVMKXZ;
				INFOPLIST_FILE = Flix_Assignment_2019UITests/Info.plist;
				LD_RUNPATH_SEARCH_PATHS = (
					"$(inherited)",
					"@executable_path/Frameworks",
					"@loader_path/Frameworks",
				);
				PRODUCT_BUNDLE_IDENTIFIER = "com.team.losergirl.Flix-Assignment-2019UITests";
				PRODUCT_NAME = "$(TARGET_NAME)";
				SWIFT_VERSION = 5.0;
				TARGETED_DEVICE_FAMILY = "1,2";
				TEST_TARGET_NAME = Flix_Assignment_2019;
			};
			name = Debug;
		};
		CEF7B4D82355840700FB12FB /* Release */ = {
			isa = XCBuildConfiguration;
			baseConfigurationReference = 711BF0548747164B7F0D096A /* Pods-Flix_Assignment_2019-Flix_Assignment_2019UITests.release.xcconfig */;
			buildSettings = {
				ALWAYS_EMBED_SWIFT_STANDARD_LIBRARIES = YES;
				CODE_SIGN_STYLE = Automatic;
				DEVELOPMENT_TEAM = KB49WVMKXZ;
				INFOPLIST_FILE = Flix_Assignment_2019UITests/Info.plist;
				LD_RUNPATH_SEARCH_PATHS = (
					"$(inherited)",
					"@executable_path/Frameworks",
					"@loader_path/Frameworks",
				);
				PRODUCT_BUNDLE_IDENTIFIER = "com.team.losergirl.Flix-Assignment-2019UITests";
				PRODUCT_NAME = "$(TARGET_NAME)";
				SWIFT_VERSION = 5.0;
				TARGETED_DEVICE_FAMILY = "1,2";
				TEST_TARGET_NAME = Flix_Assignment_2019;
			};
			name = Release;
		};
/* End XCBuildConfiguration section */

/* Begin XCConfigurationList section */
		CEF7B4A12355840500FB12FB /* Build configuration list for PBXProject "Flix_Assignment_2019" */ = {
			isa = XCConfigurationList;
			buildConfigurations = (
				CEF7B4CE2355840700FB12FB /* Debug */,
				CEF7B4CF2355840700FB12FB /* Release */,
			);
			defaultConfigurationIsVisible = 0;
			defaultConfigurationName = Release;
		};
		CEF7B4D02355840700FB12FB /* Build configuration list for PBXNativeTarget "Flix_Assignment_2019" */ = {
			isa = XCConfigurationList;
			buildConfigurations = (
				CEF7B4D12355840700FB12FB /* Debug */,
				CEF7B4D22355840700FB12FB /* Release */,
			);
			defaultConfigurationIsVisible = 0;
			defaultConfigurationName = Release;
		};
		CEF7B4D32355840700FB12FB /* Build configuration list for PBXNativeTarget "Flix_Assignment_2019Tests" */ = {
			isa = XCConfigurationList;
			buildConfigurations = (
				CEF7B4D42355840700FB12FB /* Debug */,
				CEF7B4D52355840700FB12FB /* Release */,
			);
			defaultConfigurationIsVisible = 0;
			defaultConfigurationName = Release;
		};
		CEF7B4D62355840700FB12FB /* Build configuration list for PBXNativeTarget "Flix_Assignment_2019UITests" */ = {
			isa = XCConfigurationList;
			buildConfigurations = (
				CEF7B4D72355840700FB12FB /* Debug */,
				CEF7B4D82355840700FB12FB /* Release */,
			);
			defaultConfigurationIsVisible = 0;
			defaultConfigurationName = Release;
		};
/* End XCConfigurationList section */
	};
	rootObject = CEF7B49E2355840500FB12FB /* Project object */;
}
